<Solution>
  <Folder Name="/src/">
    <Project Path="src/RustPlusBot.Abstractions/RustPlusBot.Abstractions.csproj" />
    <Project Path="src/RustPlusBot.Discord/RustPlusBot.Discord.csproj" />
    <Project Path="src/RustPlusBot.Domain/RustPlusBot.Domain.csproj" />
    <Project Path="src/RustPlusBot.Host/RustPlusBot.Host.csproj" />
    <Project Path="src/RustPlusBot.Features.Commands/RustPlusBot.Features.Commands.csproj" />
    <Project Path="src/RustPlusBot.Features.Connections/RustPlusBot.Features.Connections.csproj" />
    <Project Path="src/RustPlusBot.Features.Map/RustPlusBot.Features.Map.csproj" />
    <Project Path="src/RustPlusBot.Features.Pairing/RustPlusBot.Features.Pairing.csproj" />
    <Project Path="src/RustPlusBot.Features.Alarms/RustPlusBot.Features.Alarms.csproj" />
    <Project Path="src/RustPlusBot.Features.Chat/RustPlusBot.Features.Chat.csproj" />
    <Project Path="src/RustPlusBot.Features.Events/RustPlusBot.Features.Events.csproj" />
    <Project Path="src/RustPlusBot.Features.Players/RustPlusBot.Features.Players.csproj" />
    <Project Path="src/RustPlusBot.Features.StorageMonitors/RustPlusBot.Features.StorageMonitors.csproj" />
    <Project Path="src/RustPlusBot.Features.Switches/RustPlusBot.Features.Switches.csproj" />
    <Project Path="src/RustPlusBot.Features.Workspace/RustPlusBot.Features.Workspace.csproj" />
    <Project Path="src/RustPlusBot.Localization/RustPlusBot.Localization.csproj" />
    <Project Path="src/RustPlusBot.Persistence/RustPlusBot.Persistence.csproj" />
  </Folder>
  <Folder Name="/tests/">
    <Project Path="tests/RustPlusBot.Abstractions.Tests/RustPlusBot.Abstractions.Tests.csproj" />
    <Project Path="tests/RustPlusBot.Features.Commands.Tests/RustPlusBot.Features.Commands.Tests.csproj" />
    <Project Path="tests/RustPlusBot.Features.Connections.Tests/RustPlusBot.Features.Connections.Tests.csproj" />
    <Project Path="tests/RustPlusBot.Features.Map.Tests/RustPlusBot.Features.Map.Tests.csproj" />
    <Project Path="tests/RustPlusBot.Features.Pairing.Tests/RustPlusBot.Features.Pairing.Tests.csproj" />
    <Project Path="tests/RustPlusBot.Features.Players.Tests/RustPlusBot.Features.Players.Tests.csproj" />
    <Project Path="tests/RustPlusBot.Features.StorageMonitors.Tests/RustPlusBot.Features.StorageMonitors.Tests.csproj" />
    <Project Path="tests/RustPlusBot.Features.Switches.Tests/RustPlusBot.Features.Switches.Tests.csproj" />
    <Project Path="tests/RustPlusBot.Features.Workspace.Tests/RustPlusBot.Features.Workspace.Tests.csproj" />
    <Project Path="tests/RustPlusBot.Features.Alarms.Tests/RustPlusBot.Features.Alarms.Tests.csproj" />
    <Project Path="tests/RustPlusBot.Features.Chat.Tests/RustPlusBot.Features.Chat.Tests.csproj" />
    <Project Path="tests/RustPlusBot.Features.Events.Tests/RustPlusBot.Features.Events.Tests.csproj" />
    <Project Path="tests/RustPlusBot.Localization.Tests/RustPlusBot.Localization.Tests.csproj" />
    <Project Path="tests/RustPlusBot.Persistence.Tests/RustPlusBot.Persistence.Tests.csproj" />
  </Folder>
</Solution>
